
Microsoft Visual Studio Solution File, Format Version 12.00
# Visual Studio Version 17
VisualStudioVersion = 17.12.35527.113
MinimumVisualStudioVersion = 10.0.40219.1
Project("{FAE04EC0-301F-11D3-BF4B-00C04F79EFBC}") = "FraudStream.Domain", "FraudStream.Domain\FraudStream.Domain.csproj", "{C227B231-B66B-4926-B986-42F6B83B77AC}"
EndProject
Project("{FAE04EC0-301F-11D3-BF4B-00C04F79EFBC}") = "FraudStream.Application", "FraudStream.Application\FraudStream.Application.csproj", "{2A6A4D38-15C7-4F77-AC91-43414F0A0050}"
EndProject
Project("{FAE04EC0-301F-11D3-BF4B-00C04F79EFBC}") = "FraudStream.Infrastructure", "FraudStream.Infrastructure\FraudStream.Infrastructure.csproj", "{32D62839-D2DE-4D86-8EBC-99494E0CDFE1}"
EndProject
Project("{FAE04EC0-301F-11D3-BF4B-00C04F79EFBC}") = "FraudStream.Api", "FraudStream.Api\FraudStream.Api.csproj", "{DCAC39D4-22C7-40A6-850E-0592EF486D25}"
EndProject
Project("{E53339B2-1760-4266-BCC7-CA923CBCF16C}") = "docker-compose", "docker-compose.dcproj", "{CFA8AE30-10E4-40FD-86C9-BB058E3469DD}"
EndProject
Global
	GlobalSection(SolutionConfigurationPlatforms) = preSolution
		Debug|Any CPU = Debug|Any CPU
		Release|Any CPU = Release|Any CPU
	EndGlobalSection
	GlobalSection(ProjectConfigurationPlatforms) = postSolution
		{C227B231-B66B-4926-B986-42F6B83B77AC}.Debug|Any CPU.ActiveCfg = Debug|Any CPU
		{C227B231-B66B-4926-B986-42F6B83B77AC}.Debug|Any CPU.Build.0 = Debug|Any CPU
		{C227B231-B66B-4926-B986-42F6B83B77AC}.Release|Any CPU.ActiveCfg = Release|Any CPU
		{C227B231-B66B-4926-B986-42F6B83B77AC}.Release|Any CPU.Build.0 = Release|Any CPU
		{2A6A4D38-15C7-4F77-AC91-43414F0A0050}.Debug|Any CPU.ActiveCfg = Debug|Any CPU
		{2A6A4D38-15C7-4F77-AC91-43414F0A0050}.Debug|Any CPU.Build.0 = Debug|Any CPU
		{2A6A4D38-15C7-4F77-AC91-43414F0A0050}.Release|Any CPU.ActiveCfg = Release|Any CPU
		{2A6A4D38-15C7-4F77-AC91-43414F0A0050}.Release|Any CPU.Build.0 = Release|Any CPU
		{32D62839-D2DE-4D86-8EBC-99494E0CDFE1}.Debug|Any CPU.ActiveCfg = Debug|Any CPU
		{32D62839-D2DE-4D86-8EBC-99494E0CDFE1}.Debug|Any CPU.Build.0 = Debug|Any CPU
		{32D62839-D2DE-4D86-8EBC-99494E0CDFE1}.Release|Any CPU.ActiveCfg = Release|Any CPU
		{32D62839-D2DE-4D86-8EBC-99494E0CDFE1}.Release|Any CPU.Build.0 = Release|Any CPU
		{DCAC39D4-22C7-40A6-850E-0592EF486D25}.Debug|Any CPU.ActiveCfg = Debug|Any CPU
		{DCAC39D4-22C7-40A6-850E-0592EF486D25}.Debug|Any CPU.Build.0 = Debug|Any CPU
		{DCAC39D4-22C7-40A6-850E-0592EF486D25}.Release|Any CPU.ActiveCfg = Release|Any CPU
		{DCAC39D4-22C7-40A6-850E-0592EF486D25}.Release|Any CPU.Build.0 = Release|Any CPU
		{CFA8AE30-10E4-40FD-86C9-BB058E3469DD}.Debug|Any CPU.ActiveCfg = Debug|Any CPU
		{CFA8AE30-10E4-40FD-86C9-BB058E3469DD}.Debug|Any CPU.Build.0 = Debug|Any CPU
		{CFA8AE30-10E4-40FD-86C9-BB058E3469DD}.Release|Any CPU.ActiveCfg = Release|Any CPU
		{CFA8AE30-10E4-40FD-86C9-BB058E3469DD}.Release|Any CPU.Build.0 = Release|Any CPU
	EndGlobalSection
	GlobalSection(SolutionProperties) = preSolution
		HideSolutionNode = FALSE
	EndGlobalSection
EndGlobal
